PODS:
  - Bugly (2.5.91)
  - CircleMenu (4.1.0)
  - ContextMenu (0.4.0)
  - Realm (10.20.1):
    - Realm/Headers (= 10.20.1)
  - Realm/Headers (10.20.1)
  - RealmSwift (10.20.1):
    - Realm (= 10.20.1)
  - RxCocoa (6.2.0):
    - RxRelay (= 6.2.0)
    - RxSwift (= 6.2.0)
  - RxRelay (6.2.0):
    - RxSwift (= 6.2.0)
  - RxSwift (6.2.0)
  - SnapKit (5.0.1)
  - SwiftDate (6.3.1)
  - TTGSnackbar (1.10.5)
  - UILibrary (0.1.0):
    - SnapKit

DEPENDENCIES:
  - Bugly
  - CircleMenu
  - ContextMenu
  - RealmSwift
  - RxCocoa
  - RxSwift
  - SnapKit
  - SwiftDate
  - TTGSnackbar
  - UILibrary (from `../UILibrary`)

SPEC REPOS:
  trunk:
    - Bugly
    - CircleMenu
    - ContextMenu
    - Realm
    - RealmSwift
    - RxCocoa
    - RxRelay
    - RxSwift
    - SnapKit
    - SwiftDate
    - TTGSnackbar

EXTERNAL SOURCES:
  UILibrary:
    :path: "../UILibrary"

SPEC CHECKSUMS:
  Bugly: afe841bba2ea6de6d432a3c125240a5e75949c55
  CircleMenu: a66095199a5e26f19acbb212f077010257767fe5
  ContextMenu: f835e09a93f1c28c631b76ee94396d9570397fd1
  Realm: fac5ecd031fcb81171627b74944c885662d4b266
  RealmSwift: 9b02d25acb46a14756bde9893abb99e2e3675923
  RxCocoa: 4baf94bb35f2c0ab31bc0cb9f1900155f646ba42
  RxRelay: e72dbfd157807478401ef1982e1c61c945c94b2f
  RxSwift: d356ab7bee873611322f134c5f9ef379fa183d8f
  SnapKit: 97b92857e3df3a0c71833cce143274bf6ef8e5eb
  SwiftDate: 72d28954e8e1c6c1c0f917ccc8005e4f83c7d4b2
  TTGSnackbar: 2bd245d2bbf83639483410273fd936af0b7ba2a9
  UILibrary: 98ff9d66119087a290dda00da6fddb3c2ad85a00

PODFILE CHECKSUM: 4c26784e7baeefebc3960a672a1601e62c28b5cd

COCOAPODS: 1.11.2
