PODS:
  - Bugly (2.5.2)
  - CircleMenu (4.1.0)
  - Crashlytics (3.14.0):
    - Fabric (~> 1.10.2)
  - Fabric (1.10.2)
  - Realm (3.19.0):
    - Realm/Headers (= 3.19.0)
  - Realm/Headers (3.19.0)
  - RealmSwift (3.19.0):
    - Realm (= 3.19.0)
  - RxCocoa (5.0.0):
    - RxRelay (~> 5)
    - RxSwift (~> 5)
  - RxRelay (5.0.0):
    - RxSwift (~> 5)
  - RxSwift (5.0.0)
  - SnapKit (4.2.0)
  - SwiftDate (6.1.0)

DEPENDENCIES:
  - Bugly
  - CircleMenu
  - Crashlytics
  - Fabric
  - RealmSwift
  - RxCocoa
  - RxSwift
  - SnapKit
  - SwiftDate

SPEC REPOS:
  https://github.com/CocoaPods/Specs.git:
    - CircleMenu
    - Crashlytics
    - Fabric
    - Realm
    - RealmSwift
    - RxCocoa
    - RxRelay
    - RxSwift
    - SnapKit
    - SwiftDate
  trunk:
    - Bugly

SPEC CHECKSUMS:
  Bugly: dbac48b55ad469a97cc4321045cd50df8f63d44f
  CircleMenu: a66095199a5e26f19acbb212f077010257767fe5
  Crashlytics: 540b7e5f5da5a042647227a5e3ac51d85eed06df
  Fabric: 706c8b8098fff96c33c0db69cbf81f9c551d0d74
  Realm: 995d585bcf699aaff226715886c849a29dd3d07f
  RealmSwift: 35f284a537989f2187b413e5917091948cb87a3f
  RxCocoa: fcf32050ac00d801f34a7f71d5e8e7f23026dcd8
  RxRelay: 4f7409406a51a55cd88483f21ed898c234d60f18
  RxSwift: 8b0671caa829a763bbce7271095859121cbd895f
  SnapKit: fe8a619752f3f27075cc9a90244d75c6c3f27e2a
  SwiftDate: fa2bb3962056bb44047b4b85a30044e5eae30b03

PODFILE CHECKSUM: 1f6531b7f5d00aa241ee86c6d6cf41104796bd91

COCOAPODS: 1.8.4
